
Microsoft Visual Studio Solution File, Format Version 12.00
# Visual Studio 2012
Project("{FAE04EC0-301F-11D3-BF4B-00C04F79EFBC}") = "Sin herencia", "Sin herencia\Sin herencia.csproj", "{34DD75C1-14AE-46A3-8817-3C1986A5E878}"
EndProject
Project("{FAE04EC0-301F-11D3-BF4B-00C04F79EFBC}") = "Con herencia", "Con herencia\Con herencia.csproj", "{9DD18C90-446C-49D5-A2AF-6A3ED6B2E436}"
EndProject
Project("{FAE04EC0-301F-11D3-BF4B-00C04F79EFBC}") = "Test con herencia", "Test con herencia\Test con herencia.csproj", "{0509BD50-4692-4022-95ED-7416FE3FE511}"
EndProject
Global
	GlobalSection(SolutionConfigurationPlatforms) = preSolution
		Debug|Any CPU = Debug|Any CPU
		Release|Any CPU = Release|Any CPU
	EndGlobalSection
	GlobalSection(ProjectConfigurationPlatforms) = postSolution
		{34DD75C1-14AE-46A3-8817-3C1986A5E878}.Debug|Any CPU.ActiveCfg = Debug|Any CPU
		{34DD75C1-14AE-46A3-8817-3C1986A5E878}.Debug|Any CPU.Build.0 = Debug|Any CPU
		{34DD75C1-14AE-46A3-8817-3C1986A5E878}.Release|Any CPU.ActiveCfg = Release|Any CPU
		{34DD75C1-14AE-46A3-8817-3C1986A5E878}.Release|Any CPU.Build.0 = Release|Any CPU
		{9DD18C90-446C-49D5-A2AF-6A3ED6B2E436}.Debug|Any CPU.ActiveCfg = Debug|Any CPU
		{9DD18C90-446C-49D5-A2AF-6A3ED6B2E436}.Debug|Any CPU.Build.0 = Debug|Any CPU
		{9DD18C90-446C-49D5-A2AF-6A3ED6B2E436}.Release|Any CPU.ActiveCfg = Release|Any CPU
		{9DD18C90-446C-49D5-A2AF-6A3ED6B2E436}.Release|Any CPU.Build.0 = Release|Any CPU
		{0509BD50-4692-4022-95ED-7416FE3FE511}.Debug|Any CPU.ActiveCfg = Debug|Any CPU
		{0509BD50-4692-4022-95ED-7416FE3FE511}.Debug|Any CPU.Build.0 = Debug|Any CPU
		{0509BD50-4692-4022-95ED-7416FE3FE511}.Release|Any CPU.ActiveCfg = Release|Any CPU
		{0509BD50-4692-4022-95ED-7416FE3FE511}.Release|Any CPU.Build.0 = Release|Any CPU
	EndGlobalSection
	GlobalSection(SolutionProperties) = preSolution
		HideSolutionNode = FALSE
	EndGlobalSection
EndGlobal
